
Microsoft Visual Studio Solution File, Format Version 12.00
# Visual Studio Version 17
VisualStudioVersion = 17.9.34714.143
MinimumVisualStudioVersion = 10.0.40219.1
Project("{FAE04EC0-301F-11D3-BF4B-00C04F79EFBC}") = "ProjectTranslator", "ProjectTranslator\ProjectTranslator.csproj", "{720F5DCC-E4B1-4A61-AED2-5E5E8827D3B1}"
EndProject
Global
	GlobalSection(SolutionConfigurationPlatforms) = preSolution
		Debug|Any CPU = Debug|Any CPU
		Release|Any CPU = Release|Any CPU
	EndGlobalSection
	GlobalSection(ProjectConfigurationPlatforms) = postSolution
		{720F5DCC-E4B1-4A61-AED2-5E5E8827D3B1}.Debug|Any CPU.ActiveCfg = Debug|Any CPU
		{720F5DCC-E4B1-4A61-AED2-5E5E8827D3B1}.Debug|Any CPU.Build.0 = Debug|Any CPU
		{720F5DCC-E4B1-4A61-AED2-5E5E8827D3B1}.Release|Any CPU.ActiveCfg = Release|Any CPU
		{720F5DCC-E4B1-4A61-AED2-5E5E8827D3B1}.Release|Any CPU.Build.0 = Release|Any CPU
	EndGlobalSection
	GlobalSection(SolutionProperties) = preSolution
		HideSolutionNode = FALSE
	EndGlobalSection
	GlobalSection(ExtensibilityGlobals) = postSolution
		SolutionGuid = {F068860D-88C5-478C-AF43-7E62158C4691}
	EndGlobalSection
EndGlobal
